
Microsoft Visual Studio Solution File, Format Version 12.00
# Visual Studio Version 16
VisualStudioVersion = 16.0.32802.440
MinimumVisualStudioVersion = 10.0.40219.1
Project("{FAE04EC0-301F-11D3-BF4B-00C04F79EFBC}") = "NetworkOnlineMonitor", "NetworkOnlineMonitor\NetworkOnlineMonitor.csproj", "{40C3F4FE-B3DB-40DF-961E-18ED5EF5FDDD}"
EndProject
Global
	GlobalSection(SolutionConfigurationPlatforms) = preSolution
		Debug|Any CPU = Debug|Any CPU
		Release|Any CPU = Release|Any CPU
	EndGlobalSection
	GlobalSection(ProjectConfigurationPlatforms) = postSolution
		{40C3F4FE-B3DB-40DF-961E-18ED5EF5FDDD}.Debug|Any CPU.ActiveCfg = Debug|Any CPU
		{40C3F4FE-B3DB-40DF-961E-18ED5EF5FDDD}.Debug|Any CPU.Build.0 = Debug|Any CPU
		{40C3F4FE-B3DB-40DF-961E-18ED5EF5FDDD}.Release|Any CPU.ActiveCfg = Release|Any CPU
		{40C3F4FE-B3DB-40DF-961E-18ED5EF5FDDD}.Release|Any CPU.Build.0 = Release|Any CPU
	EndGlobalSection
	GlobalSection(SolutionProperties) = preSolution
		HideSolutionNode = FALSE
	EndGlobalSection
	GlobalSection(ExtensibilityGlobals) = postSolution
		SolutionGuid = {EA470B24-A3B2-4A91-B522-D0EB887189A4}
	EndGlobalSection
EndGlobal
